
Microsoft Visual Studio Solution File, Format Version 12.00
# Visual Studio Version 16
VisualStudioVersion = 16.0.30717.126
MinimumVisualStudioVersion = 10.0.40219.1
Project("{FAE04EC0-301F-11D3-BF4B-00C04F79EFBC}") = "WebApplication6", "WebApplication6\WebApplication6.csproj", "{AEF1AC69-0805-41B4-B3B5-5E93BFA34729}"
EndProject
Global
	GlobalSection(SolutionConfigurationPlatforms) = preSolution
		Debug|Any CPU = Debug|Any CPU
		Release|Any CPU = Release|Any CPU
	EndGlobalSection
	GlobalSection(ProjectConfigurationPlatforms) = postSolution
		{AEF1AC69-0805-41B4-B3B5-5E93BFA34729}.Debug|Any CPU.ActiveCfg = Debug|Any CPU
		{AEF1AC69-0805-41B4-B3B5-5E93BFA34729}.Debug|Any CPU.Build.0 = Debug|Any CPU
		{AEF1AC69-0805-41B4-B3B5-5E93BFA34729}.Release|Any CPU.ActiveCfg = Release|Any CPU
		{AEF1AC69-0805-41B4-B3B5-5E93BFA34729}.Release|Any CPU.Build.0 = Release|Any CPU
	EndGlobalSection
	GlobalSection(SolutionProperties) = preSolution
		HideSolutionNode = FALSE
	EndGlobalSection
	GlobalSection(ExtensibilityGlobals) = postSolution
		SolutionGuid = {B56B95BE-225C-4DD7-9AFE-6BE75EF4A22B}
	EndGlobalSection
EndGlobal
